
Microsoft Visual Studio Solution File, Format Version 12.00
# Visual Studio 15
VisualStudioVersion = 15.0.28307.1321
MinimumVisualStudioVersion = 10.0.40219.1
Project("{FAE04EC0-301F-11D3-BF4B-00C04F79EFBC}") = "StoreFrontLab.UI.MVC", "StoreFrontLab.UI.MVC\StoreFrontLab.UI.MVC.csproj", "{0E336E2D-E73E-46E1-9993-51CCAA82044B}"
EndProject
Global
	GlobalSection(SolutionConfigurationPlatforms) = preSolution
		Debug|Any CPU = Debug|Any CPU
		Release|Any CPU = Release|Any CPU
	EndGlobalSection
	GlobalSection(ProjectConfigurationPlatforms) = postSolution
		{0E336E2D-E73E-46E1-9993-51CCAA82044B}.Debug|Any CPU.ActiveCfg = Debug|Any CPU
		{0E336E2D-E73E-46E1-9993-51CCAA82044B}.Debug|Any CPU.Build.0 = Debug|Any CPU
		{0E336E2D-E73E-46E1-9993-51CCAA82044B}.Release|Any CPU.ActiveCfg = Release|Any CPU
		{0E336E2D-E73E-46E1-9993-51CCAA82044B}.Release|Any CPU.Build.0 = Release|Any CPU
	EndGlobalSection
	GlobalSection(SolutionProperties) = preSolution
		HideSolutionNode = FALSE
	EndGlobalSection
	GlobalSection(ExtensibilityGlobals) = postSolution
		SolutionGuid = {D4473354-C494-400F-88E5-19DAD397ED79}
	EndGlobalSection
EndGlobal
